
Microsoft Visual Studio Solution File, Format Version 12.00
# Visual Studio Version 16
VisualStudioVersion = 16.0.33214.272
MinimumVisualStudioVersion = 10.0.40219.1
Project("{FAE04EC0-301F-11D3-BF4B-00C04F79EFBC}") = "gitPractice", "gitPractice\gitPractice.csproj", "{1EAA0EBC-F49E-419E-94F7-09D21D360C25}"
EndProject
Global
	GlobalSection(SolutionConfigurationPlatforms) = preSolution
		Debug|Any CPU = Debug|Any CPU
		Release|Any CPU = Release|Any CPU
	EndGlobalSection
	GlobalSection(ProjectConfigurationPlatforms) = postSolution
		{1EAA0EBC-F49E-419E-94F7-09D21D360C25}.Debug|Any CPU.ActiveCfg = Debug|Any CPU
		{1EAA0EBC-F49E-419E-94F7-09D21D360C25}.Debug|Any CPU.Build.0 = Debug|Any CPU
		{1EAA0EBC-F49E-419E-94F7-09D21D360C25}.Release|Any CPU.ActiveCfg = Release|Any CPU
		{1EAA0EBC-F49E-419E-94F7-09D21D360C25}.Release|Any CPU.Build.0 = Release|Any CPU
	EndGlobalSection
	GlobalSection(SolutionProperties) = preSolution
		HideSolutionNode = FALSE
	EndGlobalSection
	GlobalSection(ExtensibilityGlobals) = postSolution
		SolutionGuid = {AEB6FE72-B0E9-4877-9792-F2955625F1F7}
	EndGlobalSection
EndGlobal
